github.com/shopspring/decimal v1.3.1 h1:2Usl1nmF/WZucqkFZhnfFYxxxu8LG21F6nPQBE5gKV8=
github.com/shopspring/decimal v1.3.1/go.mod h1:DKyhrW/HYNuLGql+MJL6WCR6knT2jwCFRcu2hWCYk4o=
github.com/uyouii/rule_engine v0.0.0-20221225144240-fbca7225fa6a h1:5jiB7r6I3G4DoryxFBp/ACRcw9Cnx0VIcOPmtrRdhpw=
github.com/uyouii/rule_engine v0.0.0-20221225144240-fbca7225fa6a/go.mod h1:AtAzlutDUKRejVvyHPzL4Pio9a/J6kVaWNaqM4ytEB0=
github.com/uyouii/rule_engine v0.0.0-20221225145001-926688062744 h1:hwjsG4u5H3C09OpED5wlXQFDz8bMJPB774enegCCT1U=
github.com/uyouii/rule_engine v0.0.0-20221225145001-926688062744/go.mod h1:AtAzlutDUKRejVvyHPzL4Pio9a/J6kVaWNaqM4ytEB0=
github.com/uyouii/rule_engine v0.0.0-20221225152959-a9658f1f13ef h1:VrBBuhtq0loqMC6EaH284bLpAPMvZBo3sT2C3W+AWuM=
github.com/uyouii/rule_engine v0.0.0-20221225152959-a9658f1f13ef/go.mod h1:AtAzlutDUKRejVvyHPzL4Pio9a/J6kVaWNaqM4ytEB0=
github.com/uyouii/rule_engine v0.0.0-20221225155112-74d84e9f4710 h1:SYW14dmSEo6KHAEsfN8P7GsukXuFrGcjSWedMqOD53s=
github.com/uyouii/rule_engine v0.0.0-20221225155112-74d84e9f4710/go.mod h1:AtAzlutDUKRejVvyHPzL4Pio9a/J6kVaWNaqM4ytEB0=
